{
    "_readme": [
        "This file locks the dependencies of your project to a known state",
        "Read more about it at https://getcomposer.org/doc/01-basic-usage.md#installing-dependencies",
        "This file is @generated automatically"
    ],
    "content-hash": "331c693df870ce8476a21a4ecf372fd9",
    "packages": [
        {
            "name": "gocardless/gocardless-pro",
            "version": "1.7.0",
            "source": {
                "type": "git",
                "url": "https://github.com/gocardless/gocardless-pro-php.git",
                "reference": "39413c73a6a798a62c855833e85b65c8cb9b3fbf"
            },
            "dist": {
                "type": "zip",
                "url": "https://api.github.com/repos/gocardless/gocardless-pro-php/zipball/39413c73a6a798a62c855833e85b65c8cb9b3fbf",
                "reference": "39413c73a6a798a62c855833e85b65c8cb9b3fbf",
                "shasum": ""
            },
            "require": {
                "ext-curl": "*",
                "ext-json": "*",
                "ext-mbstring": "*",
                "guzzlehttp/guzzle": "^6.0",
                "php": ">=5.5"
            },
            "require-dev": {
                "phpdocumentor/phpdocumentor": "2.*",
                "phpunit/phpunit": "4.6.*",
                "satooshi/php-coveralls": "~0.6.1",
                "squizlabs/php_codesniffer": "~2.0"
            },
            "type": "library",
            "autoload": {
                "psr-4": {
                    "GoCardlessPro\\": "lib/"
                }
            },
            "notification-url": "https://packagist.org/downloads/",
            "license": [
                "MIT"
            ],
            "authors": [
                {
                    "name": "GoCardless and contributors",
                    "homepage": "https://github.com/gocardless/gocardless-pro-php/contributors"
                }
            ],
            "description": "GoCardless Pro PHP Client Library",
            "homepage": "https://gocardless.com/",
            "keywords": [
                "api",
                "direct debit",
                "gocardless"
            ],
            "time": "2018-05-22T12:28:03+00:00"
        }
    ],
    "packages-dev": [],
    "aliases": [],
    "minimum-stability": "stable",
    "stability-flags": [],
    "prefer-stable": false,
    "prefer-lowest": false,
    "platform": [],
    "platform-dev": []
}
